// !$*UTF8*$!
{
	archiveVersion = 1;
	classes = {
	};
	objectVersion = 56;
	objects = {

/* Begin PBXBuildFile section */
		EA14317E2955B40300CEC5B8 /* UberSwiftUIApp.swift in Sources */ = {isa = PBXBuildFile; fileRef = EA14317D2955B40300CEC5B8 /* UberSwiftUIApp.swift */; };
		EA1431822955B40600CEC5B8 /* Assets.xcassets in Resources */ = {isa = PBXBuildFile; fileRef = EA1431812955B40600CEC5B8 /* Assets.xcassets */; };
		EA1431852955B40600CEC5B8 /* Preview Assets.xcassets in Resources */ = {isa = PBXBuildFile; fileRef = EA1431842955B40600CEC5B8 /* Preview Assets.xcassets */; };
		EA5B7C06296D5F680076D817 /* Double.swift in Sources */ = {isa = PBXBuildFile; fileRef = EA5B7C05296D5F680076D817 /* Double.swift */; };
		EA5B7C08296D62380076D817 /* UberLocation.swift in Sources */ = {isa = PBXBuildFile; fileRef = EA5B7C07296D62380076D817 /* UberLocation.swift */; };
		EA5B7C0A296D70F30076D817 /* Color.swift in Sources */ = {isa = PBXBuildFile; fileRef = EA5B7C09296D70F20076D817 /* Color.swift */; };
		EA8623F5295873D200097D89 /* Home.swift in Sources */ = {isa = PBXBuildFile; fileRef = EA8623F4295873D200097D89 /* Home.swift */; };
		EA8623F72958746E00097D89 /* UberMapViewRepresentable.swift in Sources */ = {isa = PBXBuildFile; fileRef = EA8623F62958746E00097D89 /* UberMapViewRepresentable.swift */; };
		EA8623F9295876CE00097D89 /* LocationManager.swift in Sources */ = {isa = PBXBuildFile; fileRef = EA8623F8295876CD00097D89 /* LocationManager.swift */; };
		EA9023FA296040AC006AE4DB /* LocationSearchActivationView.swift in Sources */ = {isa = PBXBuildFile; fileRef = EA9023F9296040AC006AE4DB /* LocationSearchActivationView.swift */; };
		EA9023FC29604DBB006AE4DB /* MapViewActionButton.swift in Sources */ = {isa = PBXBuildFile; fileRef = EA9023FB29604DBB006AE4DB /* MapViewActionButton.swift */; };
		EA9023FE29604F2E006AE4DB /* LocationSearchView.swift in Sources */ = {isa = PBXBuildFile; fileRef = EA9023FD29604F2E006AE4DB /* LocationSearchView.swift */; };
		EA9024002960540B006AE4DB /* LocationSearchResultCell.swift in Sources */ = {isa = PBXBuildFile; fileRef = EA9023FF2960540B006AE4DB /* LocationSearchResultCell.swift */; };
		EA9024022962407A006AE4DB /* LocationSearchViewModel.swift in Sources */ = {isa = PBXBuildFile; fileRef = EA9024012962407A006AE4DB /* LocationSearchViewModel.swift */; };
		EABCE5B4296AF2F8004C0729 /* MapViewState.swift in Sources */ = {isa = PBXBuildFile; fileRef = EABCE5B3296AF2F8004C0729 /* MapViewState.swift */; };
		EABCE5B7296B04FE004C0729 /* RideRequestView.swift in Sources */ = {isa = PBXBuildFile; fileRef = EABCE5B6296B04FE004C0729 /* RideRequestView.swift */; };
		EAE25B6A296B595E00592283 /* RideType.swift in Sources */ = {isa = PBXBuildFile; fileRef = EAE25B69296B595E00592283 /* RideType.swift */; };
/* End PBXBuildFile section */

/* Begin PBXFileReference section */
		EA14317A2955B40300CEC5B8 /* UberSwiftUI.app */ = {isa = PBXFileReference; explicitFileType = wrapper.application; includeInIndex = 0; path = UberSwiftUI.app; sourceTree = BUILT_PRODUCTS_DIR; };
		EA14317D2955B40300CEC5B8 /* UberSwiftUIApp.swift */ = {isa = PBXFileReference; lastKnownFileType = sourcecode.swift; path = UberSwiftUIApp.swift; sourceTree = "<group>"; };
		EA1431812955B40600CEC5B8 /* Assets.xcassets */ = {isa = PBXFileReference; lastKnownFileType = folder.assetcatalog; path = Assets.xcassets; sourceTree = "<group>"; };
		EA1431842955B40600CEC5B8 /* Preview Assets.xcassets */ = {isa = PBXFileReference; lastKnownFileType = folder.assetcatalog; path = "Preview Assets.xcassets"; sourceTree = "<group>"; };
		EA5B7C05296D5F680076D817 /* Double.swift */ = {isa = PBXFileReference; lastKnownFileType = sourcecode.swift; path = Double.swift; sourceTree = "<group>"; };
		EA5B7C07296D62380076D817 /* UberLocation.swift */ = {isa = PBXFileReference; lastKnownFileType = sourcecode.swift; path = UberLocation.swift; sourceTree = "<group>"; };
		EA5B7C09296D70F20076D817 /* Color.swift */ = {isa = PBXFileReference; lastKnownFileType = sourcecode.swift; path = Color.swift; sourceTree = "<group>"; };
		EA8623F4295873D200097D89 /* Home.swift */ = {isa = PBXFileReference; lastKnownFileType = sourcecode.swift; path = Home.swift; sourceTree = "<group>"; };
		EA8623F62958746E00097D89 /* UberMapViewRepresentable.swift */ = {isa = PBXFileReference; lastKnownFileType = sourcecode.swift; path = UberMapViewRepresentable.swift; sourceTree = "<group>"; };
		EA8623F8295876CD00097D89 /* LocationManager.swift */ = {isa = PBXFileReference; lastKnownFileType = sourcecode.swift; path = LocationManager.swift; sourceTree = "<group>"; };
		EA9023F9296040AC006AE4DB /* LocationSearchActivationView.swift */ = {isa = PBXFileReference; lastKnownFileType = sourcecode.swift; path = LocationSearchActivationView.swift; sourceTree = "<group>"; };
		EA9023FB29604DBB006AE4DB /* MapViewActionButton.swift */ = {isa = PBXFileReference; lastKnownFileType = sourcecode.swift; path = MapViewActionButton.swift; sourceTree = "<group>"; };
		EA9023FD29604F2E006AE4DB /* LocationSearchView.swift */ = {isa = PBXFileReference; lastKnownFileType = sourcecode.swift; path = LocationSearchView.swift; sourceTree = "<group>"; };
		EA9023FF2960540B006AE4DB /* LocationSearchResultCell.swift */ = {isa = PBXFileReference; lastKnownFileType = sourcecode.swift; path = LocationSearchResultCell.swift; sourceTree = "<group>"; };
		EA9024012962407A006AE4DB /* LocationSearchViewModel.swift */ = {isa = PBXFileReference; lastKnownFileType = sourcecode.swift; path = LocationSearchViewModel.swift; sourceTree = "<group>"; };
		EABCE5B3296AF2F8004C0729 /* MapViewState.swift */ = {isa = PBXFileReference; lastKnownFileType = sourcecode.swift; path = MapViewState.swift; sourceTree = "<group>"; };
		EABCE5B6296B04FE004C0729 /* RideRequestView.swift */ = {isa = PBXFileReference; lastKnownFileType = sourcecode.swift; path = RideRequestView.swift; sourceTree = "<group>"; };
		EAE25B69296B595E00592283 /* RideType.swift */ = {isa = PBXFileReference; lastKnownFileType = sourcecode.swift; path = RideType.swift; sourceTree = "<group>"; };
/* End PBXFileReference section */

/* Begin PBXFrameworksBuildPhase section */
		EA1431772955B40300CEC5B8 /* Frameworks */ = {
			isa = PBXFrameworksBuildPhase;
			buildActionMask = 2147483647;
			files = (
			);
			runOnlyForDeploymentPostprocessing = 0;
		};
/* End PBXFrameworksBuildPhase section */

/* Begin PBXGroup section */
		EA1431712955B40300CEC5B8 = {
			isa = PBXGroup;
			children = (
				EA14317C2955B40300CEC5B8 /* UberSwiftUI */,
				EA14317B2955B40300CEC5B8 /* Products */,
			);
			sourceTree = "<group>";
		};
		EA14317B2955B40300CEC5B8 /* Products */ = {
			isa = PBXGroup;
			children = (
				EA14317A2955B40300CEC5B8 /* UberSwiftUI.app */,
			);
			name = Products;
			sourceTree = "<group>";
		};
		EA14317C2955B40300CEC5B8 /* UberSwiftUI */ = {
			isa = PBXGroup;
			children = (
				EA14317D2955B40300CEC5B8 /* UberSwiftUIApp.swift */,
				EA8623F12958738A00097D89 /* Models */,
				EA8623F02958737800097D89 /* Extensions */,
				EA8623EF2958737500097D89 /* Managers */,
				EA8623EE2958731600097D89 /* App */,
				EA8623EA2958730500097D89 /* Core */,
				EA1431812955B40600CEC5B8 /* Assets.xcassets */,
				EA1431832955B40600CEC5B8 /* Preview Content */,
			);
			path = UberSwiftUI;
			sourceTree = "<group>";
		};
		EA1431832955B40600CEC5B8 /* Preview Content */ = {
			isa = PBXGroup;
			children = (
				EA1431842955B40600CEC5B8 /* Preview Assets.xcassets */,
			);
			path = "Preview Content";
			sourceTree = "<group>";
		};
		EA8623EA2958730500097D89 /* Core */ = {
			isa = PBXGroup;
			children = (
				EABCE5B5296B04ED004C0729 /* Trips */,
				EA9023F62960406C006AE4DB /* LocationSearch */,
				EA9023F52960404F006AE4DB /* Home */,
			);
			path = Core;
			sourceTree = "<group>";
		};
		EA8623EE2958731600097D89 /* App */ = {
			isa = PBXGroup;
			children = (
			);
			path = App;
			sourceTree = "<group>";
		};
		EA8623EF2958737500097D89 /* Managers */ = {
			isa = PBXGroup;
			children = (
				EA8623F8295876CD00097D89 /* LocationManager.swift */,
			);
			path = Managers;
			sourceTree = "<group>";
		};
		EA8623F02958737800097D89 /* Extensions */ = {
			isa = PBXGroup;
			children = (
				EA5B7C05296D5F680076D817 /* Double.swift */,
				EA5B7C09296D70F20076D817 /* Color.swift */,
			);
			path = Extensions;
			sourceTree = "<group>";
		};
		EA8623F12958738A00097D89 /* Models */ = {
			isa = PBXGroup;
			children = (
				EABCE5B3296AF2F8004C0729 /* MapViewState.swift */,
				EAE25B69296B595E00592283 /* RideType.swift */,
				EA5B7C07296D62380076D817 /* UberLocation.swift */,
			);
			path = Models;
			sourceTree = "<group>";
		};
		EA8623F2295873BA00097D89 /* ViewModel */ = {
			isa = PBXGroup;
			children = (
			);
			path = ViewModel;
			sourceTree = "<group>";
		};
		EA8623F3295873C400097D89 /* Views */ = {
			isa = PBXGroup;
			children = (
				EA8623F4295873D200097D89 /* Home.swift */,
				EA8623F62958746E00097D89 /* UberMapViewRepresentable.swift */,
				EA9023FB29604DBB006AE4DB /* MapViewActionButton.swift */,
			);
			path = Views;
			sourceTree = "<group>";
		};
		EA9023F52960404F006AE4DB /* Home */ = {
			isa = PBXGroup;
			children = (
				EA8623F3295873C400097D89 /* Views */,
				EA8623F2295873BA00097D89 /* ViewModel */,
			);
			path = Home;
			sourceTree = "<group>";
		};
		EA9023F62960406C006AE4DB /* LocationSearch */ = {
			isa = PBXGroup;
			children = (
				EA9023F82960408E006AE4DB /* ViewModel */,
				EA9023F729604089006AE4DB /* View */,
			);
			path = LocationSearch;
			sourceTree = "<group>";
		};
		EA9023F729604089006AE4DB /* View */ = {
			isa = PBXGroup;
			children = (
				EA9023F9296040AC006AE4DB /* LocationSearchActivationView.swift */,
				EA9023FD29604F2E006AE4DB /* LocationSearchView.swift */,
				EA9023FF2960540B006AE4DB /* LocationSearchResultCell.swift */,
			);
			path = View;
			sourceTree = "<group>";
		};
		EA9023F82960408E006AE4DB /* ViewModel */ = {
			isa = PBXGroup;
			children = (
				EA9024012962407A006AE4DB /* LocationSearchViewModel.swift */,
			);
			path = ViewModel;
			sourceTree = "<group>";
		};
		EABCE5B5296B04ED004C0729 /* Trips */ = {
			isa = PBXGroup;
			children = (
				EABCE5B6296B04FE004C0729 /* RideRequestView.swift */,
			);
			path = Trips;
			sourceTree = "<group>";
		};
/* End PBXGroup section */

/* Begin PBXNativeTarget section */
		EA1431792955B40300CEC5B8 /* UberSwiftUI */ = {
			isa = PBXNativeTarget;
			buildConfigurationList = EA1431882955B40600CEC5B8 /* Build configuration list for PBXNativeTarget "UberSwiftUI" */;
			buildPhases = (
				EA1431762955B40300CEC5B8 /* Sources */,
				EA1431772955B40300CEC5B8 /* Frameworks */,
				EA1431782955B40300CEC5B8 /* Resources */,
			);
			buildRules = (
			);
			dependencies = (
			);
			name = UberSwiftUI;
			productName = UberSwiftUI;
			productReference = EA14317A2955B40300CEC5B8 /* UberSwiftUI.app */;
			productType = "com.apple.product-type.application";
		};
/* End PBXNativeTarget section */

/* Begin PBXProject section */
		EA1431722955B40300CEC5B8 /* Project object */ = {
			isa = PBXProject;
			attributes = {
				BuildIndependentTargetsInParallel = 1;
				LastSwiftUpdateCheck = 1420;
				LastUpgradeCheck = 1420;
				TargetAttributes = {
					EA1431792955B40300CEC5B8 = {
						CreatedOnToolsVersion = 14.2;
					};
				};
			};
			buildConfigurationList = EA1431752955B40300CEC5B8 /* Build configuration list for PBXProject "UberSwiftUI" */;
			compatibilityVersion = "Xcode 14.0";
			developmentRegion = en;
			hasScannedForEncodings = 0;
			knownRegions = (
				en,
				Base,
			);
			mainGroup = EA1431712955B40300CEC5B8;
			productRefGroup = EA14317B2955B40300CEC5B8 /* Products */;
			projectDirPath = "";
			projectRoot = "";
			targets = (
				EA1431792955B40300CEC5B8 /* UberSwiftUI */,
			);
		};
/* End PBXProject section */

/* Begin PBXResourcesBuildPhase section */
		EA1431782955B40300CEC5B8 /* Resources */ = {
			isa = PBXResourcesBuildPhase;
			buildActionMask = 2147483647;
			files = (
				EA1431852955B40600CEC5B8 /* Preview Assets.xcassets in Resources */,
				EA1431822955B40600CEC5B8 /* Assets.xcassets in Resources */,
			);
			runOnlyForDeploymentPostprocessing = 0;
		};
/* End PBXResourcesBuildPhase section */

/* Begin PBXSourcesBuildPhase section */
		EA1431762955B40300CEC5B8 /* Sources */ = {
			isa = PBXSourcesBuildPhase;
			buildActionMask = 2147483647;
			files = (
				EA9024022962407A006AE4DB /* LocationSearchViewModel.swift in Sources */,
				EA9023FE29604F2E006AE4DB /* LocationSearchView.swift in Sources */,
				EA8623F9295876CE00097D89 /* LocationManager.swift in Sources */,
				EABCE5B7296B04FE004C0729 /* RideRequestView.swift in Sources */,
				EA5B7C06296D5F680076D817 /* Double.swift in Sources */,
				EABCE5B4296AF2F8004C0729 /* MapViewState.swift in Sources */,
				EA9023FC29604DBB006AE4DB /* MapViewActionButton.swift in Sources */,
				EA8623F5295873D200097D89 /* Home.swift in Sources */,
				EA5B7C0A296D70F30076D817 /* Color.swift in Sources */,
				EA8623F72958746E00097D89 /* UberMapViewRepresentable.swift in Sources */,
				EA14317E2955B40300CEC5B8 /* UberSwiftUIApp.swift in Sources */,
				EA5B7C08296D62380076D817 /* UberLocation.swift in Sources */,
				EA9023FA296040AC006AE4DB /* LocationSearchActivationView.swift in Sources */,
				EA9024002960540B006AE4DB /* LocationSearchResultCell.swift in Sources */,
				EAE25B6A296B595E00592283 /* RideType.swift in Sources */,
			);
			runOnlyForDeploymentPostprocessing = 0;
		};
/* End PBXSourcesBuildPhase section */

/* Begin XCBuildConfiguration section */
		EA1431862955B40600CEC5B8 /* Debug */ = {
			isa = XCBuildConfiguration;
			buildSettings = {
				ALWAYS_SEARCH_USER_PATHS = NO;
				CLANG_ANALYZER_NONNULL = YES;
				CLANG_ANALYZER_NUMBER_OBJECT_CONVERSION = YES_AGGRESSIVE;
				CLANG_CXX_LANGUAGE_STANDARD = "gnu++20";
				CLANG_ENABLE_MODULES = YES;
				CLANG_ENABLE_OBJC_ARC = YES;
				CLANG_ENABLE_OBJC_WEAK = YES;
				CLANG_WARN_BLOCK_CAPTURE_AUTORELEASING = YES;
				CLANG_WARN_BOOL_CONVERSION = YES;
				CLANG_WARN_COMMA = YES;
				CLANG_WARN_CONSTANT_CONVERSION = YES;
				CLANG_WARN_DEPRECATED_OBJC_IMPLEMENTATIONS = YES;
				CLANG_WARN_DIRECT_OBJC_ISA_USAGE = YES_ERROR;
				CLANG_WARN_DOCUMENTATION_COMMENTS = YES;
				CLANG_WARN_EMPTY_BODY = YES;
				CLANG_WARN_ENUM_CONVERSION = YES;
				CLANG_WARN_INFINITE_RECURSION = YES;
				CLANG_WARN_INT_CONVERSION = YES;
				CLANG_WARN_NON_LITERAL_NULL_CONVERSION = YES;
				CLANG_WARN_OBJC_IMPLICIT_RETAIN_SELF = YES;
				CLANG_WARN_OBJC_LITERAL_CONVERSION = YES;
				CLANG_WARN_OBJC_ROOT_CLASS = YES_ERROR;
				CLANG_WARN_QUOTED_INCLUDE_IN_FRAMEWORK_HEADER = YES;
				CLANG_WARN_RANGE_LOOP_ANALYSIS = YES;
				CLANG_WARN_STRICT_PROTOTYPES = YES;
				CLANG_WARN_SUSPICIOUS_MOVE = YES;
				CLANG_WARN_UNGUARDED_AVAILABILITY = YES_AGGRESSIVE;
				CLANG_WARN_UNREACHABLE_CODE = YES;
				CLANG_WARN__DUPLICATE_METHOD_MATCH = YES;
				COPY_PHASE_STRIP = NO;
				DEBUG_INFORMATION_FORMAT = dwarf;
				ENABLE_STRICT_OBJC_MSGSEND = YES;
				ENABLE_TESTABILITY = YES;
				GCC_C_LANGUAGE_STANDARD = gnu11;
				GCC_DYNAMIC_NO_PIC = NO;
				GCC_NO_COMMON_BLOCKS = YES;
				GCC_OPTIMIZATION_LEVEL = 0;
				GCC_PREPROCESSOR_DEFINITIONS = (
					"DEBUG=1",
					"$(inherited)",
				);
				GCC_WARN_64_TO_32_BIT_CONVERSION = YES;
				GCC_WARN_ABOUT_RETURN_TYPE = YES_ERROR;
				GCC_WARN_UNDECLARED_SELECTOR = YES;
				GCC_WARN_UNINITIALIZED_AUTOS = YES_AGGRESSIVE;
				GCC_WARN_UNUSED_FUNCTION = YES;
				GCC_WARN_UNUSED_VARIABLE = YES;
				IPHONEOS_DEPLOYMENT_TARGET = 16.2;
				MTL_ENABLE_DEBUG_INFO = INCLUDE_SOURCE;
				MTL_FAST_MATH = YES;
				ONLY_ACTIVE_ARCH = YES;
				SDKROOT = iphoneos;
				SWIFT_ACTIVE_COMPILATION_CONDITIONS = DEBUG;
				SWIFT_OPTIMIZATION_LEVEL = "-Onone";
			};
			name = Debug;
		};
		EA1431872955B40600CEC5B8 /* Release */ = {
			isa = XCBuildConfiguration;
			buildSettings = {
				ALWAYS_SEARCH_USER_PATHS = NO;
				CLANG_ANALYZER_NONNULL = YES;
				CLANG_ANALYZER_NUMBER_OBJECT_CONVERSION = YES_AGGRESSIVE;
				CLANG_CXX_LANGUAGE_STANDARD = "gnu++20";
				CLANG_ENABLE_MODULES = YES;
				CLANG_ENABLE_OBJC_ARC = YES;
				CLANG_ENABLE_OBJC_WEAK = YES;
				CLANG_WARN_BLOCK_CAPTURE_AUTORELEASING = YES;
				CLANG_WARN_BOOL_CONVERSION = YES;
				CLANG_WARN_COMMA = YES;
				CLANG_WARN_CONSTANT_CONVERSION = YES;
				CLANG_WARN_DEPRECATED_OBJC_IMPLEMENTATIONS = YES;
				CLANG_WARN_DIRECT_OBJC_ISA_USAGE = YES_ERROR;
				CLANG_WARN_DOCUMENTATION_COMMENTS = YES;
				CLANG_WARN_EMPTY_BODY = YES;
				CLANG_WARN_ENUM_CONVERSION = YES;
				CLANG_WARN_INFINITE_RECURSION = YES;
				CLANG_WARN_INT_CONVERSION = YES;
				CLANG_WARN_NON_LITERAL_NULL_CONVERSION = YES;
				CLANG_WARN_OBJC_IMPLICIT_RETAIN_SELF = YES;
				CLANG_WARN_OBJC_LITERAL_CONVERSION = YES;
				CLANG_WARN_OBJC_ROOT_CLASS = YES_ERROR;
				CLANG_WARN_QUOTED_INCLUDE_IN_FRAMEWORK_HEADER = YES;
				CLANG_WARN_RANGE_LOOP_ANALYSIS = YES;
				CLANG_WARN_STRICT_PROTOTYPES = YES;
				CLANG_WARN_SUSPICIOUS_MOVE = YES;
				CLANG_WARN_UNGUARDED_AVAILABILITY = YES_AGGRESSIVE;
				CLANG_WARN_UNREACHABLE_CODE = YES;
				CLANG_WARN__DUPLICATE_METHOD_MATCH = YES;
				COPY_PHASE_STRIP = NO;
				DEBUG_INFORMATION_FORMAT = "dwarf-with-dsym";
				ENABLE_NS_ASSERTIONS = NO;
				ENABLE_STRICT_OBJC_MSGSEND = YES;
				GCC_C_LANGUAGE_STANDARD = gnu11;
				GCC_NO_COMMON_BLOCKS = YES;
				GCC_WARN_64_TO_32_BIT_CONVERSION = YES;
				GCC_WARN_ABOUT_RETURN_TYPE = YES_ERROR;
				GCC_WARN_UNDECLARED_SELECTOR = YES;
				GCC_WARN_UNINITIALIZED_AUTOS = YES_AGGRESSIVE;
				GCC_WARN_UNUSED_FUNCTION = YES;
				GCC_WARN_UNUSED_VARIABLE = YES;
				IPHONEOS_DEPLOYMENT_TARGET = 16.2;
				MTL_ENABLE_DEBUG_INFO = NO;
				MTL_FAST_MATH = YES;
				SDKROOT = iphoneos;
				SWIFT_COMPILATION_MODE = wholemodule;
				SWIFT_OPTIMIZATION_LEVEL = "-O";
				VALIDATE_PRODUCT = YES;
			};
			name = Release;
		};
		EA1431892955B40600CEC5B8 /* Debug */ = {
			isa = XCBuildConfiguration;
			buildSettings = {
				ASSETCATALOG_COMPILER_APPICON_NAME = AppIcon;
				ASSETCATALOG_COMPILER_GLOBAL_ACCENT_COLOR_NAME = AccentColor;
				CODE_SIGN_STYLE = Automatic;
				CURRENT_PROJECT_VERSION = 1;
				DEVELOPMENT_ASSET_PATHS = "\"UberSwiftUI/Preview Content\"";
				DEVELOPMENT_TEAM = "";
				ENABLE_PREVIEWS = YES;
				GENERATE_INFOPLIST_FILE = YES;
				INFOPLIST_KEY_NSLocationWhenInUseUsageDescription = "Please allow us to access your location to find you nearby drivers and rides";
				INFOPLIST_KEY_UIApplicationSceneManifest_Generation = YES;
				INFOPLIST_KEY_UIApplicationSupportsIndirectInputEvents = YES;
				INFOPLIST_KEY_UILaunchScreen_Generation = YES;
				INFOPLIST_KEY_UISupportedInterfaceOrientations_iPad = "UIInterfaceOrientationPortrait UIInterfaceOrientationPortraitUpsideDown UIInterfaceOrientationLandscapeLeft UIInterfaceOrientationLandscapeRight";
				INFOPLIST_KEY_UISupportedInterfaceOrientations_iPhone = "UIInterfaceOrientationPortrait UIInterfaceOrientationLandscapeLeft UIInterfaceOrientationLandscapeRight";
				IPHONEOS_DEPLOYMENT_TARGET = 15.5;
				LD_RUNPATH_SEARCH_PATHS = (
					"$(inherited)",
					"@executable_path/Frameworks",
				);
				MARKETING_VERSION = 1.0;
				PRODUCT_BUNDLE_IDENTIFIER = com.khaled2024.UberSwiftUI;
				PRODUCT_NAME = "$(TARGET_NAME)";
				SWIFT_EMIT_LOC_STRINGS = YES;
				SWIFT_VERSION = 5.0;
				TARGETED_DEVICE_FAMILY = "1,2";
			};
			name = Debug;
		};
		EA14318A2955B40600CEC5B8 /* Release */ = {
			isa = XCBuildConfiguration;
			buildSettings = {
				ASSETCATALOG_COMPILER_APPICON_NAME = AppIcon;
				ASSETCATALOG_COMPILER_GLOBAL_ACCENT_COLOR_NAME = AccentColor;
				CODE_SIGN_STYLE = Automatic;
				CURRENT_PROJECT_VERSION = 1;
				DEVELOPMENT_ASSET_PATHS = "\"UberSwiftUI/Preview Content\"";
				DEVELOPMENT_TEAM = "";
				ENABLE_PREVIEWS = YES;
				GENERATE_INFOPLIST_FILE = YES;
				INFOPLIST_KEY_NSLocationWhenInUseUsageDescription = "Please allow us to access your location to find you nearby drivers and rides";
				INFOPLIST_KEY_UIApplicationSceneManifest_Generation = YES;
				INFOPLIST_KEY_UIApplicationSupportsIndirectInputEvents = YES;
				INFOPLIST_KEY_UILaunchScreen_Generation = YES;
				INFOPLIST_KEY_UISupportedInterfaceOrientations_iPad = "UIInterfaceOrientationPortrait UIInterfaceOrientationPortraitUpsideDown UIInterfaceOrientationLandscapeLeft UIInterfaceOrientationLandscapeRight";
				INFOPLIST_KEY_UISupportedInterfaceOrientations_iPhone = "UIInterfaceOrientationPortrait UIInterfaceOrientationLandscapeLeft UIInterfaceOrientationLandscapeRight";
				IPHONEOS_DEPLOYMENT_TARGET = 15.5;
				LD_RUNPATH_SEARCH_PATHS = (
					"$(inherited)",
					"@executable_path/Frameworks",
				);
				MARKETING_VERSION = 1.0;
				PRODUCT_BUNDLE_IDENTIFIER = com.khaled2024.UberSwiftUI;
				PRODUCT_NAME = "$(TARGET_NAME)";
				SWIFT_EMIT_LOC_STRINGS = YES;
				SWIFT_VERSION = 5.0;
				TARGETED_DEVICE_FAMILY = "1,2";
			};
			name = Release;
		};
/* End XCBuildConfiguration section */

/* Begin XCConfigurationList section */
		EA1431752955B40300CEC5B8 /* Build configuration list for PBXProject "UberSwiftUI" */ = {
			isa = XCConfigurationList;
			buildConfigurations = (
				EA1431862955B40600CEC5B8 /* Debug */,
				EA1431872955B40600CEC5B8 /* Release */,
			);
			defaultConfigurationIsVisible = 0;
			defaultConfigurationName = Release;
		};
		EA1431882955B40600CEC5B8 /* Build configuration list for PBXNativeTarget "UberSwiftUI" */ = {
			isa = XCConfigurationList;
			buildConfigurations = (
				EA1431892955B40600CEC5B8 /* Debug */,
				EA14318A2955B40600CEC5B8 /* Release */,
			);
			defaultConfigurationIsVisible = 0;
			defaultConfigurationName = Release;
		};
/* End XCConfigurationList section */
	};
	rootObject = EA1431722955B40300CEC5B8 /* Project object */;
}
